
Microsoft Visual Studio Solution File, Format Version 12.00
# Visual Studio Version 17
VisualStudioVersion = 17.14.36915.13
MinimumVisualStudioVersion = 10.0.40219.1
Project("{FAE04EC0-301F-11D3-BF4B-00C04F79EFBC}") = "TravelAgency.Api", "TravelAgency.Api\TravelAgency.Api.csproj", "{DAD3FD10-42A9-6D15-7420-962F63C0D7AF}"
EndProject
Project("{FAE04EC0-301F-11D3-BF4B-00C04F79EFBC}") = "TravelAgency.BusinessLogic", "TravelAgency.BusinessLogic\TravelAgency.BusinessLogic.csproj", "{512A0ABC-2E57-FF2E-199A-76601058857D}"
EndProject
Global
	GlobalSection(SolutionConfigurationPlatforms) = preSolution
		Debug|Any CPU = Debug|Any CPU
		Release|Any CPU = Release|Any CPU
	EndGlobalSection
	GlobalSection(ProjectConfigurationPlatforms) = postSolution
		{DAD3FD10-42A9-6D15-7420-962F63C0D7AF}.Debug|Any CPU.ActiveCfg = Debug|Any CPU
		{DAD3FD10-42A9-6D15-7420-962F63C0D7AF}.Debug|Any CPU.Build.0 = Debug|Any CPU
		{DAD3FD10-42A9-6D15-7420-962F63C0D7AF}.Release|Any CPU.ActiveCfg = Release|Any CPU
		{DAD3FD10-42A9-6D15-7420-962F63C0D7AF}.Release|Any CPU.Build.0 = Release|Any CPU
		{512A0ABC-2E57-FF2E-199A-76601058857D}.Debug|Any CPU.ActiveCfg = Debug|Any CPU
		{512A0ABC-2E57-FF2E-199A-76601058857D}.Debug|Any CPU.Build.0 = Debug|Any CPU
		{512A0ABC-2E57-FF2E-199A-76601058857D}.Release|Any CPU.ActiveCfg = Release|Any CPU
		{512A0ABC-2E57-FF2E-199A-76601058857D}.Release|Any CPU.Build.0 = Release|Any CPU
	EndGlobalSection
	GlobalSection(SolutionProperties) = preSolution
		HideSolutionNode = FALSE
	EndGlobalSection
	GlobalSection(ExtensibilityGlobals) = postSolution
		SolutionGuid = {E0F00CEB-4691-44A7-9C21-98AE230F67B8}
	EndGlobalSection
EndGlobal
